// !$*UTF8*$!
{
	archiveVersion = 1;
	classes = {
	};
	objectVersion = 46;
	objects = {

/* Begin PBXBuildFile section */
		83D29A121E45B89800D76121 /* main.m in Sources */ = {isa = PBXBuildFile; fileRef = 83D29A111E45B89800D76121 /* main.m */; };
		83D29A151E45B89800D76121 /* AppDelegate.m in Sources */ = {isa = PBXBuildFile; fileRef = 83D29A141E45B89800D76121 /* AppDelegate.m */; };
		83D29A181E45B89800D76121 /* ViewController.m in Sources */ = {isa = PBXBuildFile; fileRef = 83D29A171E45B89800D76121 /* ViewController.m */; };
		83D29A1B1E45B89800D76121 /* Main.storyboard in Resources */ = {isa = PBXBuildFile; fileRef = 83D29A191E45B89800D76121 /* Main.storyboard */; };
		83D29A1D1E45B89800D76121 /* Assets.xcassets in Resources */ = {isa = PBXBuildFile; fileRef = 83D29A1C1E45B89800D76121 /* Assets.xcassets */; };
		83D29A201E45B89800D76121 /* LaunchScreen.storyboard in Resources */ = {isa = PBXBuildFile; fileRef = 83D29A1E1E45B89800D76121 /* LaunchScreen.storyboard */; };
		83D29A2B1E45B89800D76121 /* LFY_SuperGuessImageTests.m in Sources */ = {isa = PBXBuildFile; fileRef = 83D29A2A1E45B89800D76121 /* LFY_SuperGuessImageTests.m */; };
		83D29A361E45B89800D76121 /* LFY_SuperGuessImageUITests.m in Sources */ = {isa = PBXBuildFile; fileRef = 83D29A351E45B89800D76121 /* LFY_SuperGuessImageUITests.m */; };
		83D29A451E45D8FF00D76121 /* QuestionInfo.m in Sources */ = {isa = PBXBuildFile; fileRef = 83D29A441E45D8FF00D76121 /* QuestionInfo.m */; };
		83D29A471E45D90F00D76121 /* questions.plist in Resources */ = {isa = PBXBuildFile; fileRef = 83D29A461E45D90E00D76121 /* questions.plist */; };
/* End PBXBuildFile section */

/* Begin PBXContainerItemProxy section */
		83D29A271E45B89800D76121 /* PBXContainerItemProxy */ = {
			isa = PBXContainerItemProxy;
			containerPortal = 83D29A051E45B89800D76121 /* Project object */;
			proxyType = 1;
			remoteGlobalIDString = 83D29A0C1E45B89800D76121;
			remoteInfo = LFY_SuperGuessImage;
		};
		83D29A321E45B89800D76121 /* PBXContainerItemProxy */ = {
			isa = PBXContainerItemProxy;
			containerPortal = 83D29A051E45B89800D76121 /* Project object */;
			proxyType = 1;
			remoteGlobalIDString = 83D29A0C1E45B89800D76121;
			remoteInfo = LFY_SuperGuessImage;
		};
/* End PBXContainerItemProxy section */

/* Begin PBXFileReference section */
		83D29A0D1E45B89800D76121 /* LFY_SuperGuessImage.app */ = {isa = PBXFileReference; explicitFileType = wrapper.application; includeInIndex = 0; path = LFY_SuperGuessImage.app; sourceTree = BUILT_PRODUCTS_DIR; };
		83D29A111E45B89800D76121 /* main.m */ = {isa = PBXFileReference; lastKnownFileType = sourcecode.c.objc; path = main.m; sourceTree = "<group>"; };
		83D29A131E45B89800D76121 /* AppDelegate.h */ = {isa = PBXFileReference; lastKnownFileType = sourcecode.c.h; path = AppDelegate.h; sourceTree = "<group>"; };
		83D29A141E45B89800D76121 /* AppDelegate.m */ = {isa = PBXFileReference; lastKnownFileType = sourcecode.c.objc; path = AppDelegate.m; sourceTree = "<group>"; };
		83D29A161E45B89800D76121 /* ViewController.h */ = {isa = PBXFileReference; lastKnownFileType = sourcecode.c.h; path = ViewController.h; sourceTree = "<group>"; };
		83D29A171E45B89800D76121 /* ViewController.m */ = {isa = PBXFileReference; lastKnownFileType = sourcecode.c.objc; path = ViewController.m; sourceTree = "<group>"; };
		83D29A1A1E45B89800D76121 /* Base */ = {isa = PBXFileReference; lastKnownFileType = file.storyboard; name = Base; path = Base.lproj/Main.storyboard; sourceTree = "<group>"; };
		83D29A1C1E45B89800D76121 /* Assets.xcassets */ = {isa = PBXFileReference; lastKnownFileType = folder.assetcatalog; path = Assets.xcassets; sourceTree = "<group>"; };
		83D29A1F1E45B89800D76121 /* Base */ = {isa = PBXFileReference; lastKnownFileType = file.storyboard; name = Base; path = Base.lproj/LaunchScreen.storyboard; sourceTree = "<group>"; };
		83D29A211E45B89800D76121 /* Info.plist */ = {isa = PBXFileReference; lastKnownFileType = text.plist.xml; path = Info.plist; sourceTree = "<group>"; };
		83D29A261E45B89800D76121 /* LFY_SuperGuessImageTests.xctest */ = {isa = PBXFileReference; explicitFileType = wrapper.cfbundle; includeInIndex = 0; path = LFY_SuperGuessImageTests.xctest; sourceTree = BUILT_PRODUCTS_DIR; };
		83D29A2A1E45B89800D76121 /* LFY_SuperGuessImageTests.m */ = {isa = PBXFileReference; lastKnownFileType = sourcecode.c.objc; path = LFY_SuperGuessImageTests.m; sourceTree = "<group>"; };
		83D29A2C1E45B89800D76121 /* Info.plist */ = {isa = PBXFileReference; lastKnownFileType = text.plist.xml; path = Info.plist; sourceTree = "<group>"; };
		83D29A311E45B89800D76121 /* LFY_SuperGuessImageUITests.xctest */ = {isa = PBXFileReference; explicitFileType = wrapper.cfbundle; includeInIndex = 0; path = LFY_SuperGuessImageUITests.xctest; sourceTree = BUILT_PRODUCTS_DIR; };
		83D29A351E45B89800D76121 /* LFY_SuperGuessImageUITests.m */ = {isa = PBXFileReference; lastKnownFileType = sourcecode.c.objc; path = LFY_SuperGuessImageUITests.m; sourceTree = "<group>"; };
		83D29A371E45B89800D76121 /* Info.plist */ = {isa = PBXFileReference; lastKnownFileType = text.plist.xml; path = Info.plist; sourceTree = "<group>"; };
		83D29A431E45D8FF00D76121 /* QuestionInfo.h */ = {isa = PBXFileReference; fileEncoding = 4; lastKnownFileType = sourcecode.c.h; path = QuestionInfo.h; sourceTree = "<group>"; };
		83D29A441E45D8FF00D76121 /* QuestionInfo.m */ = {isa = PBXFileReference; fileEncoding = 4; lastKnownFileType = sourcecode.c.objc; path = QuestionInfo.m; sourceTree = "<group>"; };
		83D29A461E45D90E00D76121 /* questions.plist */ = {isa = PBXFileReference; fileEncoding = 4; lastKnownFileType = text.plist.xml; path = questions.plist; sourceTree = "<group>"; };
/* End PBXFileReference section */

/* Begin PBXFrameworksBuildPhase section */
		83D29A0A1E45B89800D76121 /* Frameworks */ = {
			isa = PBXFrameworksBuildPhase;
			buildActionMask = 2147483647;
			files = (
			);
			runOnlyForDeploymentPostprocessing = 0;
		};
		83D29A231E45B89800D76121 /* Frameworks */ = {
			isa = PBXFrameworksBuildPhase;
			buildActionMask = 2147483647;
			files = (
			);
			runOnlyForDeploymentPostprocessing = 0;
		};
		83D29A2E1E45B89800D76121 /* Frameworks */ = {
			isa = PBXFrameworksBuildPhase;
			buildActionMask = 2147483647;
			files = (
			);
			runOnlyForDeploymentPostprocessing = 0;
		};
/* End PBXFrameworksBuildPhase section */

/* Begin PBXGroup section */
		83D29A041E45B89800D76121 = {
			isa = PBXGroup;
			children = (
				83D29A0F1E45B89800D76121 /* LFY_SuperGuessImage */,
				83D29A291E45B89800D76121 /* LFY_SuperGuessImageTests */,
				83D29A341E45B89800D76121 /* LFY_SuperGuessImageUITests */,
				83D29A0E1E45B89800D76121 /* Products */,
			);
			sourceTree = "<group>";
		};
		83D29A0E1E45B89800D76121 /* Products */ = {
			isa = PBXGroup;
			children = (
				83D29A0D1E45B89800D76121 /* LFY_SuperGuessImage.app */,
				83D29A261E45B89800D76121 /* LFY_SuperGuessImageTests.xctest */,
				83D29A311E45B89800D76121 /* LFY_SuperGuessImageUITests.xctest */,
			);
			name = Products;
			sourceTree = "<group>";
		};
		83D29A0F1E45B89800D76121 /* LFY_SuperGuessImage */ = {
			isa = PBXGroup;
			children = (
				83D29A131E45B89800D76121 /* AppDelegate.h */,
				83D29A141E45B89800D76121 /* AppDelegate.m */,
				83D29A161E45B89800D76121 /* ViewController.h */,
				83D29A171E45B89800D76121 /* ViewController.m */,
				83D29A431E45D8FF00D76121 /* QuestionInfo.h */,
				83D29A441E45D8FF00D76121 /* QuestionInfo.m */,
				83D29A191E45B89800D76121 /* Main.storyboard */,
				83D29A1C1E45B89800D76121 /* Assets.xcassets */,
				83D29A1E1E45B89800D76121 /* LaunchScreen.storyboard */,
				83D29A211E45B89800D76121 /* Info.plist */,
				83D29A101E45B89800D76121 /* Supporting Files */,
			);
			path = LFY_SuperGuessImage;
			sourceTree = "<group>";
		};
		83D29A101E45B89800D76121 /* Supporting Files */ = {
			isa = PBXGroup;
			children = (
				83D29A461E45D90E00D76121 /* questions.plist */,
				83D29A111E45B89800D76121 /* main.m */,
			);
			name = "Supporting Files";
			sourceTree = "<group>";
		};
		83D29A291E45B89800D76121 /* LFY_SuperGuessImageTests */ = {
			isa = PBXGroup;
			children = (
				83D29A2A1E45B89800D76121 /* LFY_SuperGuessImageTests.m */,
				83D29A2C1E45B89800D76121 /* Info.plist */,
			);
			path = LFY_SuperGuessImageTests;
			sourceTree = "<group>";
		};
		83D29A341E45B89800D76121 /* LFY_SuperGuessImageUITests */ = {
			isa = PBXGroup;
			children = (
				83D29A351E45B89800D76121 /* LFY_SuperGuessImageUITests.m */,
				83D29A371E45B89800D76121 /* Info.plist */,
			);
			path = LFY_SuperGuessImageUITests;
			sourceTree = "<group>";
		};
/* End PBXGroup section */

/* Begin PBXNativeTarget section */
		83D29A0C1E45B89800D76121 /* LFY_SuperGuessImage */ = {
			isa = PBXNativeTarget;
			buildConfigurationList = 83D29A3A1E45B89800D76121 /* Build configuration list for PBXNativeTarget "LFY_SuperGuessImage" */;
			buildPhases = (
				83D29A091E45B89800D76121 /* Sources */,
				83D29A0A1E45B89800D76121 /* Frameworks */,
				83D29A0B1E45B89800D76121 /* Resources */,
			);
			buildRules = (
			);
			dependencies = (
			);
			name = LFY_SuperGuessImage;
			productName = LFY_SuperGuessImage;
			productReference = 83D29A0D1E45B89800D76121 /* LFY_SuperGuessImage.app */;
			productType = "com.apple.product-type.application";
		};
		83D29A251E45B89800D76121 /* LFY_SuperGuessImageTests */ = {
			isa = PBXNativeTarget;
			buildConfigurationList = 83D29A3D1E45B89800D76121 /* Build configuration list for PBXNativeTarget "LFY_SuperGuessImageTests" */;
			buildPhases = (
				83D29A221E45B89800D76121 /* Sources */,
				83D29A231E45B89800D76121 /* Frameworks */,
				83D29A241E45B89800D76121 /* Resources */,
			);
			buildRules = (
			);
			dependencies = (
				83D29A281E45B89800D76121 /* PBXTargetDependency */,
			);
			name = LFY_SuperGuessImageTests;
			productName = LFY_SuperGuessImageTests;
			productReference = 83D29A261E45B89800D76121 /* LFY_SuperGuessImageTests.xctest */;
			productType = "com.apple.product-type.bundle.unit-test";
		};
		83D29A301E45B89800D76121 /* LFY_SuperGuessImageUITests */ = {
			isa = PBXNativeTarget;
			buildConfigurationList = 83D29A401E45B89800D76121 /* Build configuration list for PBXNativeTarget "LFY_SuperGuessImageUITests" */;
			buildPhases = (
				83D29A2D1E45B89800D76121 /* Sources */,
				83D29A2E1E45B89800D76121 /* Frameworks */,
				83D29A2F1E45B89800D76121 /* Resources */,
			);
			buildRules = (
			);
			dependencies = (
				83D29A331E45B89800D76121 /* PBXTargetDependency */,
			);
			name = LFY_SuperGuessImageUITests;
			productName = LFY_SuperGuessImageUITests;
			productReference = 83D29A311E45B89800D76121 /* LFY_SuperGuessImageUITests.xctest */;
			productType = "com.apple.product-type.bundle.ui-testing";
		};
/* End PBXNativeTarget section */

/* Begin PBXProject section */
		83D29A051E45B89800D76121 /* Project object */ = {
			isa = PBXProject;
			attributes = {
				LastUpgradeCheck = 0820;
				ORGANIZATIONNAME = com.elepphant.pingchuan;
				TargetAttributes = {
					83D29A0C1E45B89800D76121 = {
						CreatedOnToolsVersion = 8.2.1;
						DevelopmentTeam = 9N6P88TN8F;
						ProvisioningStyle = Automatic;
					};
					83D29A251E45B89800D76121 = {
						CreatedOnToolsVersion = 8.2.1;
						DevelopmentTeam = 9N6P88TN8F;
						ProvisioningStyle = Automatic;
						TestTargetID = 83D29A0C1E45B89800D76121;
					};
					83D29A301E45B89800D76121 = {
						CreatedOnToolsVersion = 8.2.1;
						DevelopmentTeam = 9N6P88TN8F;
						ProvisioningStyle = Automatic;
						TestTargetID = 83D29A0C1E45B89800D76121;
					};
				};
			};
			buildConfigurationList = 83D29A081E45B89800D76121 /* Build configuration list for PBXProject "LFY_SuperGuessImage" */;
			compatibilityVersion = "Xcode 3.2";
			developmentRegion = English;
			hasScannedForEncodings = 0;
			knownRegions = (
				en,
				Base,
			);
			mainGroup = 83D29A041E45B89800D76121;
			productRefGroup = 83D29A0E1E45B89800D76121 /* Products */;
			projectDirPath = "";
			projectRoot = "";
			targets = (
				83D29A0C1E45B89800D76121 /* LFY_SuperGuessImage */,
				83D29A251E45B89800D76121 /* LFY_SuperGuessImageTests */,
				83D29A301E45B89800D76121 /* LFY_SuperGuessImageUITests */,
			);
		};
/* End PBXProject section */

/* Begin PBXResourcesBuildPhase section */
		83D29A0B1E45B89800D76121 /* Resources */ = {
			isa = PBXResourcesBuildPhase;
			buildActionMask = 2147483647;
			files = (
				83D29A471E45D90F00D76121 /* questions.plist in Resources */,
				83D29A201E45B89800D76121 /* LaunchScreen.storyboard in Resources */,
				83D29A1D1E45B89800D76121 /* Assets.xcassets in Resources */,
				83D29A1B1E45B89800D76121 /* Main.storyboard in Resources */,
			);
			runOnlyForDeploymentPostprocessing = 0;
		};
		83D29A241E45B89800D76121 /* Resources */ = {
			isa = PBXResourcesBuildPhase;
			buildActionMask = 2147483647;
			files = (
			);
			runOnlyForDeploymentPostprocessing = 0;
		};
		83D29A2F1E45B89800D76121 /* Resources */ = {
			isa = PBXResourcesBuildPhase;
			buildActionMask = 2147483647;
			files = (
			);
			runOnlyForDeploymentPostprocessing = 0;
		};
/* End PBXResourcesBuildPhase section */

/* Begin PBXSourcesBuildPhase section */
		83D29A091E45B89800D76121 /* Sources */ = {
			isa = PBXSourcesBuildPhase;
			buildActionMask = 2147483647;
			files = (
				83D29A181E45B89800D76121 /* ViewController.m in Sources */,
				83D29A451E45D8FF00D76121 /* QuestionInfo.m in Sources */,
				83D29A151E45B89800D76121 /* AppDelegate.m in Sources */,
				83D29A121E45B89800D76121 /* main.m in Sources */,
			);
			runOnlyForDeploymentPostprocessing = 0;
		};
		83D29A221E45B89800D76121 /* Sources */ = {
			isa = PBXSourcesBuildPhase;
			buildActionMask = 2147483647;
			files = (
				83D29A2B1E45B89800D76121 /* LFY_SuperGuessImageTests.m in Sources */,
			);
			runOnlyForDeploymentPostprocessing = 0;
		};
		83D29A2D1E45B89800D76121 /* Sources */ = {
			isa = PBXSourcesBuildPhase;
			buildActionMask = 2147483647;
			files = (
				83D29A361E45B89800D76121 /* LFY_SuperGuessImageUITests.m in Sources */,
			);
			runOnlyForDeploymentPostprocessing = 0;
		};
/* End PBXSourcesBuildPhase section */

/* Begin PBXTargetDependency section */
		83D29A281E45B89800D76121 /* PBXTargetDependency */ = {
			isa = PBXTargetDependency;
			target = 83D29A0C1E45B89800D76121 /* LFY_SuperGuessImage */;
			targetProxy = 83D29A271E45B89800D76121 /* PBXContainerItemProxy */;
		};
		83D29A331E45B89800D76121 /* PBXTargetDependency */ = {
			isa = PBXTargetDependency;
			target = 83D29A0C1E45B89800D76121 /* LFY_SuperGuessImage */;
			targetProxy = 83D29A321E45B89800D76121 /* PBXContainerItemProxy */;
		};
/* End PBXTargetDependency section */

/* Begin PBXVariantGroup section */
		83D29A191E45B89800D76121 /* Main.storyboard */ = {
			isa = PBXVariantGroup;
			children = (
				83D29A1A1E45B89800D76121 /* Base */,
			);
			name = Main.storyboard;
			sourceTree = "<group>";
		};
		83D29A1E1E45B89800D76121 /* LaunchScreen.storyboard */ = {
			isa = PBXVariantGroup;
			children = (
				83D29A1F1E45B89800D76121 /* Base */,
			);
			name = LaunchScreen.storyboard;
			sourceTree = "<group>";
		};
/* End PBXVariantGroup section */

/* Begin XCBuildConfiguration section */
		83D29A381E45B89800D76121 /* Debug */ = {
			isa = XCBuildConfiguration;
			buildSettings = {
				ALWAYS_SEARCH_USER_PATHS = NO;
				CLANG_ANALYZER_NONNULL = YES;
				CLANG_CXX_LANGUAGE_STANDARD = "gnu++0x";
				CLANG_CXX_LIBRARY = "libc++";
				CLANG_ENABLE_MODULES = YES;
				CLANG_ENABLE_OBJC_ARC = YES;
				CLANG_WARN_BOOL_CONVERSION = YES;
				CLANG_WARN_CONSTANT_CONVERSION = YES;
				CLANG_WARN_DIRECT_OBJC_ISA_USAGE = YES_ERROR;
				CLANG_WARN_DOCUMENTATION_COMMENTS = YES;
				CLANG_WARN_EMPTY_BODY = YES;
				CLANG_WARN_ENUM_CONVERSION = YES;
				CLANG_WARN_INFINITE_RECURSION = YES;
				CLANG_WARN_INT_CONVERSION = YES;
				CLANG_WARN_OBJC_ROOT_CLASS = YES_ERROR;
				CLANG_WARN_SUSPICIOUS_MOVE = YES;
				CLANG_WARN_UNREACHABLE_CODE = YES;
				CLANG_WARN__DUPLICATE_METHOD_MATCH = YES;
				"CODE_SIGN_IDENTITY[sdk=iphoneos*]" = "iPhone Developer";
				COPY_PHASE_STRIP = NO;
				DEBUG_INFORMATION_FORMAT = dwarf;
				ENABLE_STRICT_OBJC_MSGSEND = YES;
				ENABLE_TESTABILITY = YES;
				GCC_C_LANGUAGE_STANDARD = gnu99;
				GCC_DYNAMIC_NO_PIC = NO;
				GCC_NO_COMMON_BLOCKS = YES;
				GCC_OPTIMIZATION_LEVEL = 0;
				GCC_PREPROCESSOR_DEFINITIONS = (
					"DEBUG=1",
					"$(inherited)",
				);
				GCC_WARN_64_TO_32_BIT_CONVERSION = YES;
				GCC_WARN_ABOUT_RETURN_TYPE = YES_ERROR;
				GCC_WARN_UNDECLARED_SELECTOR = YES;
				GCC_WARN_UNINITIALIZED_AUTOS = YES_AGGRESSIVE;
				GCC_WARN_UNUSED_FUNCTION = YES;
				GCC_WARN_UNUSED_VARIABLE = YES;
				IPHONEOS_DEPLOYMENT_TARGET = 10.2;
				MTL_ENABLE_DEBUG_INFO = YES;
				ONLY_ACTIVE_ARCH = YES;
				SDKROOT = iphoneos;
			};
			name = Debug;
		};
		83D29A391E45B89800D76121 /* Release */ = {
			isa = XCBuildConfiguration;
			buildSettings = {
				ALWAYS_SEARCH_USER_PATHS = NO;
				CLANG_ANALYZER_NONNULL = YES;
				CLANG_CXX_LANGUAGE_STANDARD = "gnu++0x";
				CLANG_CXX_LIBRARY = "libc++";
				CLANG_ENABLE_MODULES = YES;
				CLANG_ENABLE_OBJC_ARC = YES;
				CLANG_WARN_BOOL_CONVERSION = YES;
				CLANG_WARN_CONSTANT_CONVERSION = YES;
				CLANG_WARN_DIRECT_OBJC_ISA_USAGE = YES_ERROR;
				CLANG_WARN_DOCUMENTATION_COMMENTS = YES;
				CLANG_WARN_EMPTY_BODY = YES;
				CLANG_WARN_ENUM_CONVERSION = YES;
				CLANG_WARN_INFINITE_RECURSION = YES;
				CLANG_WARN_INT_CONVERSION = YES;
				CLANG_WARN_OBJC_ROOT_CLASS = YES_ERROR;
				CLANG_WARN_SUSPICIOUS_MOVE = YES;
				CLANG_WARN_UNREACHABLE_CODE = YES;
				CLANG_WARN__DUPLICATE_METHOD_MATCH = YES;
				"CODE_SIGN_IDENTITY[sdk=iphoneos*]" = "iPhone Developer";
				COPY_PHASE_STRIP = NO;
				DEBUG_INFORMATION_FORMAT = "dwarf-with-dsym";
				ENABLE_NS_ASSERTIONS = NO;
				ENABLE_STRICT_OBJC_MSGSEND = YES;
				GCC_C_LANGUAGE_STANDARD = gnu99;
				GCC_NO_COMMON_BLOCKS = YES;
				GCC_WARN_64_TO_32_BIT_CONVERSION = YES;
				GCC_WARN_ABOUT_RETURN_TYPE = YES_ERROR;
				GCC_WARN_UNDECLARED_SELECTOR = YES;
				GCC_WARN_UNINITIALIZED_AUTOS = YES_AGGRESSIVE;
				GCC_WARN_UNUSED_FUNCTION = YES;
				GCC_WARN_UNUSED_VARIABLE = YES;
				IPHONEOS_DEPLOYMENT_TARGET = 10.2;
				MTL_ENABLE_DEBUG_INFO = NO;
				SDKROOT = iphoneos;
				VALIDATE_PRODUCT = YES;
			};
			name = Release;
		};
		83D29A3B1E45B89800D76121 /* Debug */ = {
			isa = XCBuildConfiguration;
			buildSettings = {
				ASSETCATALOG_COMPILER_APPICON_NAME = AppIcon;
				ASSETCATALOG_COMPILER_LAUNCHIMAGE_NAME = LaunchImage;
				DEVELOPMENT_TEAM = 9N6P88TN8F;
				INFOPLIST_FILE = LFY_SuperGuessImage/Info.plist;
				LD_RUNPATH_SEARCH_PATHS = "$(inherited) @executable_path/Frameworks";
				PRODUCT_BUNDLE_IDENTIFIER = "luffy.LFY-SuperGuessImage";
				PRODUCT_NAME = "$(TARGET_NAME)";
			};
			name = Debug;
		};
		83D29A3C1E45B89800D76121 /* Release */ = {
			isa = XCBuildConfiguration;
			buildSettings = {
				ASSETCATALOG_COMPILER_APPICON_NAME = AppIcon;
				ASSETCATALOG_COMPILER_LAUNCHIMAGE_NAME = LaunchImage;
				DEVELOPMENT_TEAM = 9N6P88TN8F;
				INFOPLIST_FILE = LFY_SuperGuessImage/Info.plist;
				LD_RUNPATH_SEARCH_PATHS = "$(inherited) @executable_path/Frameworks";
				PRODUCT_BUNDLE_IDENTIFIER = "luffy.LFY-SuperGuessImage";
				PRODUCT_NAME = "$(TARGET_NAME)";
			};
			name = Release;
		};
		83D29A3E1E45B89800D76121 /* Debug */ = {
			isa = XCBuildConfiguration;
			buildSettings = {
				BUNDLE_LOADER = "$(TEST_HOST)";
				DEVELOPMENT_TEAM = 9N6P88TN8F;
				INFOPLIST_FILE = LFY_SuperGuessImageTests/Info.plist;
				LD_RUNPATH_SEARCH_PATHS = "$(inherited) @executable_path/Frameworks @loader_path/Frameworks";
				PRODUCT_BUNDLE_IDENTIFIER = "luffy.LFY-SuperGuessImageTests";
				PRODUCT_NAME = "$(TARGET_NAME)";
				TEST_HOST = "$(BUILT_PRODUCTS_DIR)/LFY_SuperGuessImage.app/LFY_SuperGuessImage";
			};
			name = Debug;
		};
		83D29A3F1E45B89800D76121 /* Release */ = {
			isa = XCBuildConfiguration;
			buildSettings = {
				BUNDLE_LOADER = "$(TEST_HOST)";
				DEVELOPMENT_TEAM = 9N6P88TN8F;
				INFOPLIST_FILE = LFY_SuperGuessImageTests/Info.plist;
				LD_RUNPATH_SEARCH_PATHS = "$(inherited) @executable_path/Frameworks @loader_path/Frameworks";
				PRODUCT_BUNDLE_IDENTIFIER = "luffy.LFY-SuperGuessImageTests";
				PRODUCT_NAME = "$(TARGET_NAME)";
				TEST_HOST = "$(BUILT_PRODUCTS_DIR)/LFY_SuperGuessImage.app/LFY_SuperGuessImage";
			};
			name = Release;
		};
		83D29A411E45B89800D76121 /* Debug */ = {
			isa = XCBuildConfiguration;
			buildSettings = {
				DEVELOPMENT_TEAM = 9N6P88TN8F;
				INFOPLIST_FILE = LFY_SuperGuessImageUITests/Info.plist;
				LD_RUNPATH_SEARCH_PATHS = "$(inherited) @executable_path/Frameworks @loader_path/Frameworks";
				PRODUCT_BUNDLE_IDENTIFIER = "luffy.LFY-SuperGuessImageUITests";
				PRODUCT_NAME = "$(TARGET_NAME)";
				TEST_TARGET_NAME = LFY_SuperGuessImage;
			};
			name = Debug;
		};
		83D29A421E45B89800D76121 /* Release */ = {
			isa = XCBuildConfiguration;
			buildSettings = {
				DEVELOPMENT_TEAM = 9N6P88TN8F;
				INFOPLIST_FILE = LFY_SuperGuessImageUITests/Info.plist;
				LD_RUNPATH_SEARCH_PATHS = "$(inherited) @executable_path/Frameworks @loader_path/Frameworks";
				PRODUCT_BUNDLE_IDENTIFIER = "luffy.LFY-SuperGuessImageUITests";
				PRODUCT_NAME = "$(TARGET_NAME)";
				TEST_TARGET_NAME = LFY_SuperGuessImage;
			};
			name = Release;
		};
/* End XCBuildConfiguration section */

/* Begin XCConfigurationList section */
		83D29A081E45B89800D76121 /* Build configuration list for PBXProject "LFY_SuperGuessImage" */ = {
			isa = XCConfigurationList;
			buildConfigurations = (
				83D29A381E45B89800D76121 /* Debug */,
				83D29A391E45B89800D76121 /* Release */,
			);
			defaultConfigurationIsVisible = 0;
			defaultConfigurationName = Release;
		};
		83D29A3A1E45B89800D76121 /* Build configuration list for PBXNativeTarget "LFY_SuperGuessImage" */ = {
			isa = XCConfigurationList;
			buildConfigurations = (
				83D29A3B1E45B89800D76121 /* Debug */,
				83D29A3C1E45B89800D76121 /* Release */,
			);
			defaultConfigurationIsVisible = 0;
		};
		83D29A3D1E45B89800D76121 /* Build configuration list for PBXNativeTarget "LFY_SuperGuessImageTests" */ = {
			isa = XCConfigurationList;
			buildConfigurations = (
				83D29A3E1E45B89800D76121 /* Debug */,
				83D29A3F1E45B89800D76121 /* Release */,
			);
			defaultConfigurationIsVisible = 0;
		};
		83D29A401E45B89800D76121 /* Build configuration list for PBXNativeTarget "LFY_SuperGuessImageUITests" */ = {
			isa = XCConfigurationList;
			buildConfigurations = (
				83D29A411E45B89800D76121 /* Debug */,
				83D29A421E45B89800D76121 /* Release */,
			);
			defaultConfigurationIsVisible = 0;
		};
/* End XCConfigurationList section */
	};
	rootObject = 83D29A051E45B89800D76121 /* Project object */;
}
